
Microsoft Visual Studio Solution File, Format Version 12.00
# Visual Studio 14
VisualStudioVersion = 14.0.23107.0
MinimumVisualStudioVersion = 10.0.40219.1
Project("{FAE04EC0-301F-11D3-BF4B-00C04F79EFBC}") = "Task1", "Task1\Task1.csproj", "{61063F1D-A529-4FEF-BB1B-D01F0A5986F6}"
EndProject
Project("{FAE04EC0-301F-11D3-BF4B-00C04F79EFBC}") = "Task1Tests", "Task1Tests\Task1Tests.csproj", "{8CDE5FF2-256C-4625-B88B-8DDAACF6CD37}"
EndProject
Project("{FAE04EC0-301F-11D3-BF4B-00C04F79EFBC}") = "Task2", "Task2\Task2.csproj", "{42B569F2-3365-4BDC-9B5B-DC717D406748}"
EndProject
Project("{FAE04EC0-301F-11D3-BF4B-00C04F79EFBC}") = "TestClassesTask2", "Task2Tests\TestClassesTask2.csproj", "{3E17AD9A-4411-4B10-918D-41189D5D9F80}"
EndProject
Global
	GlobalSection(SolutionConfigurationPlatforms) = preSolution
		Debug|Any CPU = Debug|Any CPU
		Release|Any CPU = Release|Any CPU
	EndGlobalSection
	GlobalSection(ProjectConfigurationPlatforms) = postSolution
		{61063F1D-A529-4FEF-BB1B-D01F0A5986F6}.Debug|Any CPU.ActiveCfg = Debug|Any CPU
		{61063F1D-A529-4FEF-BB1B-D01F0A5986F6}.Debug|Any CPU.Build.0 = Debug|Any CPU
		{61063F1D-A529-4FEF-BB1B-D01F0A5986F6}.Release|Any CPU.ActiveCfg = Release|Any CPU
		{61063F1D-A529-4FEF-BB1B-D01F0A5986F6}.Release|Any CPU.Build.0 = Release|Any CPU
		{8CDE5FF2-256C-4625-B88B-8DDAACF6CD37}.Debug|Any CPU.ActiveCfg = Debug|Any CPU
		{8CDE5FF2-256C-4625-B88B-8DDAACF6CD37}.Debug|Any CPU.Build.0 = Debug|Any CPU
		{8CDE5FF2-256C-4625-B88B-8DDAACF6CD37}.Release|Any CPU.ActiveCfg = Release|Any CPU
		{8CDE5FF2-256C-4625-B88B-8DDAACF6CD37}.Release|Any CPU.Build.0 = Release|Any CPU
		{42B569F2-3365-4BDC-9B5B-DC717D406748}.Debug|Any CPU.ActiveCfg = Debug|Any CPU
		{42B569F2-3365-4BDC-9B5B-DC717D406748}.Debug|Any CPU.Build.0 = Debug|Any CPU
		{42B569F2-3365-4BDC-9B5B-DC717D406748}.Release|Any CPU.ActiveCfg = Release|Any CPU
		{42B569F2-3365-4BDC-9B5B-DC717D406748}.Release|Any CPU.Build.0 = Release|Any CPU
		{3E17AD9A-4411-4B10-918D-41189D5D9F80}.Debug|Any CPU.ActiveCfg = Debug|Any CPU
		{3E17AD9A-4411-4B10-918D-41189D5D9F80}.Debug|Any CPU.Build.0 = Debug|Any CPU
		{3E17AD9A-4411-4B10-918D-41189D5D9F80}.Release|Any CPU.ActiveCfg = Release|Any CPU
		{3E17AD9A-4411-4B10-918D-41189D5D9F80}.Release|Any CPU.Build.0 = Release|Any CPU
	EndGlobalSection
	GlobalSection(SolutionProperties) = preSolution
		HideSolutionNode = FALSE
	EndGlobalSection
EndGlobal
